# This file was autogenerated by Stack.
# You should not edit this file by hand.
# For more information, please see the documentation at:
#   https://docs.haskellstack.org/en/stable/lock_files

packages:
- completed:
    hackage: karver-0.1.2@sha256:ee99a21567b04d5ee4f55dfb20ebbf466e8183c56af22e10878947f60cc32c4d,1755
    pantry-tree:
      size: 391
      sha256: 9f757fd4d31e07c8239380402f06adb5da66fb9635576102f7ab162c7b1eaa78
  original:
    hackage: karver-0.1.2
snapshots:
- completed:
    size: 567241
    url: https://raw.githubusercontent.com/commercialhaskell/stackage-snapshots/master/lts/17/10.yaml
    sha256: 321b3b9f0c7f76994b39e0dabafdc76478274b4ff74cc5e43d410897a335ad3b
  original:
    url: https://raw.githubusercontent.com/commercialhaskell/stackage-snapshots/master/lts/17/10.yaml
